
Microsoft Visual Studio Solution File, Format Version 12.00
# Visual Studio Version 17
VisualStudioVersion = 17.2.32516.85
MinimumVisualStudioVersion = 10.0.40219.1
Project("{2150E333-8FDC-42A3-9474-1A3956D46DE8}") = "DomainLayer", "DomainLayer", "{D4F5652A-EBDC-469A-A626-0E13CD1A13A8}"
EndProject
Project("{2150E333-8FDC-42A3-9474-1A3956D46DE8}") = "InfrastructureLayer", "InfrastructureLayer", "{20C1BF35-FB9D-4E61-914E-A3E228175708}"
EndProject
Project("{2150E333-8FDC-42A3-9474-1A3956D46DE8}") = "ServiceLayer", "ServiceLayer", "{1629B62E-95E6-429D-BCB4-0F37714F66F5}"
EndProject
Project("{2150E333-8FDC-42A3-9474-1A3956D46DE8}") = "RepositoryLayer", "RepositoryLayer", "{EF87AE09-0BE5-4E2E-88CA-B3CE902A6C87}"
EndProject
Project("{9A19103F-16F7-4668-BE54-9A1E7A4F7556}") = "BaseEntityLib", "DomainLayer\BaseEntityLib\BaseEntityLib.csproj", "{8F9165AB-7519-4B9E-8328-A02251A4A05C}"
EndProject
Project("{9A19103F-16F7-4668-BE54-9A1E7A4F7556}") = "DirectoryDomain", "DomainLayer\DirectoryDomain\DirectoryDomain.csproj", "{6808B5E8-6DA6-4A51-8879-C371CECA1413}"
EndProject
Project("{9A19103F-16F7-4668-BE54-9A1E7A4F7556}") = "EnumsLib", "DomainLayer\EnumsLib\EnumsLib.csproj", "{7629B037-8B17-42B3-9C07-B9B016E7DEA8}"
EndProject
Project("{9A19103F-16F7-4668-BE54-9A1E7A4F7556}") = "NoteDomain", "DomainLayer\NoteDomain\NoteDomain.csproj", "{CCB63A8C-D262-418E-AC6D-F5AD69D76DF2}"
EndProject
Project("{9A19103F-16F7-4668-BE54-9A1E7A4F7556}") = "UserDomain", "DomainLayer\UserDomain\UserDomain.csproj", "{2836E2C8-8AF2-4D66-848B-63B7338E7822}"
EndProject
Project("{9A19103F-16F7-4668-BE54-9A1E7A4F7556}") = "FactoryServiceLib", "InfrastructureLayer\FactoryServiceLib\FactoryServiceLib.csproj", "{BAF24926-CCA5-43A4-846D-94B0BFB0B50E}"
EndProject
Project("{9A19103F-16F7-4668-BE54-9A1E7A4F7556}") = "UnitOfWorkLib", "InfrastructureLayer\UnitOfWork\UnitOfWorkLib.csproj", "{D8189B05-8A16-404C-A6CF-318B9F117E82}"
EndProject
Project("{9A19103F-16F7-4668-BE54-9A1E7A4F7556}") = "BaseRepositoryLib", "RepositoryLayer\BaseRepositoryLib\BaseRepositoryLib.csproj", "{46FA33E7-BEC4-400D-AABF-2931C55F8002}"
EndProject
Project("{9A19103F-16F7-4668-BE54-9A1E7A4F7556}") = "DbContextLib", "RepositoryLayer\DbContextLib\DbContextLib.csproj", "{C6E1EC81-BC7B-440F-96D1-2C7D8F4AE118}"
EndProject
Project("{9A19103F-16F7-4668-BE54-9A1E7A4F7556}") = "RepositoriesLib", "RepositoryLayer\RepositoriesLib\RepositoriesLib.csproj", "{FBF84423-D07D-4646-9AAC-7DA3BB788936}"
EndProject
Project("{9A19103F-16F7-4668-BE54-9A1E7A4F7556}") = "BaseServiceLib", "ServiceLayer\BaseServiceLib\BaseServiceLib.csproj", "{A4D0DAEE-D9F0-4887-A471-E63B8579525A}"
EndProject
Project("{9A19103F-16F7-4668-BE54-9A1E7A4F7556}") = "NotesServiceLib", "ServiceLayer\NotesServiceLib\NotesServiceLib.csproj", "{AB8AF9A9-D5C5-4992-9856-5A558D7AD508}"
EndProject
Project("{9A19103F-16F7-4668-BE54-9A1E7A4F7556}") = "ServicesLib", "ServiceLayer\ServicesLib\ServicesLib.csproj", "{D583B4FD-65BE-482D-9E8A-727C4E53180F}"
EndProject
Project("{9A19103F-16F7-4668-BE54-9A1E7A4F7556}") = "Delta", "Delta\Delta.csproj", "{16419A77-2713-4BA8-81B0-81BF0F9E9CE0}"
EndProject
Project("{9A19103F-16F7-4668-BE54-9A1E7A4F7556}") = "DeltaAPI", "DeltaAPI\DeltaAPI.csproj", "{1D3D4109-876D-4BAA-A8BA-D0EB4191DB03}"
EndProject
Global
	GlobalSection(SolutionConfigurationPlatforms) = preSolution
		Debug|Any CPU = Debug|Any CPU
		Release|Any CPU = Release|Any CPU
	EndGlobalSection
	GlobalSection(ProjectConfigurationPlatforms) = postSolution
		{8F9165AB-7519-4B9E-8328-A02251A4A05C}.Debug|Any CPU.ActiveCfg = Debug|Any CPU
		{8F9165AB-7519-4B9E-8328-A02251A4A05C}.Debug|Any CPU.Build.0 = Debug|Any CPU
		{8F9165AB-7519-4B9E-8328-A02251A4A05C}.Release|Any CPU.ActiveCfg = Release|Any CPU
		{8F9165AB-7519-4B9E-8328-A02251A4A05C}.Release|Any CPU.Build.0 = Release|Any CPU
		{6808B5E8-6DA6-4A51-8879-C371CECA1413}.Debug|Any CPU.ActiveCfg = Debug|Any CPU
		{6808B5E8-6DA6-4A51-8879-C371CECA1413}.Debug|Any CPU.Build.0 = Debug|Any CPU
		{6808B5E8-6DA6-4A51-8879-C371CECA1413}.Release|Any CPU.ActiveCfg = Release|Any CPU
		{6808B5E8-6DA6-4A51-8879-C371CECA1413}.Release|Any CPU.Build.0 = Release|Any CPU
		{7629B037-8B17-42B3-9C07-B9B016E7DEA8}.Debug|Any CPU.ActiveCfg = Debug|Any CPU
		{7629B037-8B17-42B3-9C07-B9B016E7DEA8}.Debug|Any CPU.Build.0 = Debug|Any CPU
		{7629B037-8B17-42B3-9C07-B9B016E7DEA8}.Release|Any CPU.ActiveCfg = Release|Any CPU
		{7629B037-8B17-42B3-9C07-B9B016E7DEA8}.Release|Any CPU.Build.0 = Release|Any CPU
		{CCB63A8C-D262-418E-AC6D-F5AD69D76DF2}.Debug|Any CPU.ActiveCfg = Debug|Any CPU
		{CCB63A8C-D262-418E-AC6D-F5AD69D76DF2}.Debug|Any CPU.Build.0 = Debug|Any CPU
		{CCB63A8C-D262-418E-AC6D-F5AD69D76DF2}.Release|Any CPU.ActiveCfg = Release|Any CPU
		{CCB63A8C-D262-418E-AC6D-F5AD69D76DF2}.Release|Any CPU.Build.0 = Release|Any CPU
		{2836E2C8-8AF2-4D66-848B-63B7338E7822}.Debug|Any CPU.ActiveCfg = Debug|Any CPU
		{2836E2C8-8AF2-4D66-848B-63B7338E7822}.Debug|Any CPU.Build.0 = Debug|Any CPU
		{2836E2C8-8AF2-4D66-848B-63B7338E7822}.Release|Any CPU.ActiveCfg = Release|Any CPU
		{2836E2C8-8AF2-4D66-848B-63B7338E7822}.Release|Any CPU.Build.0 = Release|Any CPU
		{BAF24926-CCA5-43A4-846D-94B0BFB0B50E}.Debug|Any CPU.ActiveCfg = Debug|Any CPU
		{BAF24926-CCA5-43A4-846D-94B0BFB0B50E}.Debug|Any CPU.Build.0 = Debug|Any CPU
		{BAF24926-CCA5-43A4-846D-94B0BFB0B50E}.Release|Any CPU.ActiveCfg = Release|Any CPU
		{BAF24926-CCA5-43A4-846D-94B0BFB0B50E}.Release|Any CPU.Build.0 = Release|Any CPU
		{D8189B05-8A16-404C-A6CF-318B9F117E82}.Debug|Any CPU.ActiveCfg = Debug|Any CPU
		{D8189B05-8A16-404C-A6CF-318B9F117E82}.Debug|Any CPU.Build.0 = Debug|Any CPU
		{D8189B05-8A16-404C-A6CF-318B9F117E82}.Release|Any CPU.ActiveCfg = Release|Any CPU
		{D8189B05-8A16-404C-A6CF-318B9F117E82}.Release|Any CPU.Build.0 = Release|Any CPU
		{46FA33E7-BEC4-400D-AABF-2931C55F8002}.Debug|Any CPU.ActiveCfg = Debug|Any CPU
		{46FA33E7-BEC4-400D-AABF-2931C55F8002}.Debug|Any CPU.Build.0 = Debug|Any CPU
		{46FA33E7-BEC4-400D-AABF-2931C55F8002}.Release|Any CPU.ActiveCfg = Release|Any CPU
		{46FA33E7-BEC4-400D-AABF-2931C55F8002}.Release|Any CPU.Build.0 = Release|Any CPU
		{C6E1EC81-BC7B-440F-96D1-2C7D8F4AE118}.Debug|Any CPU.ActiveCfg = Debug|Any CPU
		{C6E1EC81-BC7B-440F-96D1-2C7D8F4AE118}.Debug|Any CPU.Build.0 = Debug|Any CPU
		{C6E1EC81-BC7B-440F-96D1-2C7D8F4AE118}.Release|Any CPU.ActiveCfg = Release|Any CPU
		{C6E1EC81-BC7B-440F-96D1-2C7D8F4AE118}.Release|Any CPU.Build.0 = Release|Any CPU
		{FBF84423-D07D-4646-9AAC-7DA3BB788936}.Debug|Any CPU.ActiveCfg = Debug|Any CPU
		{FBF84423-D07D-4646-9AAC-7DA3BB788936}.Debug|Any CPU.Build.0 = Debug|Any CPU
		{FBF84423-D07D-4646-9AAC-7DA3BB788936}.Release|Any CPU.ActiveCfg = Release|Any CPU
		{FBF84423-D07D-4646-9AAC-7DA3BB788936}.Release|Any CPU.Build.0 = Release|Any CPU
		{A4D0DAEE-D9F0-4887-A471-E63B8579525A}.Debug|Any CPU.ActiveCfg = Debug|Any CPU
		{A4D0DAEE-D9F0-4887-A471-E63B8579525A}.Debug|Any CPU.Build.0 = Debug|Any CPU
		{A4D0DAEE-D9F0-4887-A471-E63B8579525A}.Release|Any CPU.ActiveCfg = Release|Any CPU
		{A4D0DAEE-D9F0-4887-A471-E63B8579525A}.Release|Any CPU.Build.0 = Release|Any CPU
		{AB8AF9A9-D5C5-4992-9856-5A558D7AD508}.Debug|Any CPU.ActiveCfg = Debug|Any CPU
		{AB8AF9A9-D5C5-4992-9856-5A558D7AD508}.Debug|Any CPU.Build.0 = Debug|Any CPU
		{AB8AF9A9-D5C5-4992-9856-5A558D7AD508}.Release|Any CPU.ActiveCfg = Release|Any CPU
		{AB8AF9A9-D5C5-4992-9856-5A558D7AD508}.Release|Any CPU.Build.0 = Release|Any CPU
		{D583B4FD-65BE-482D-9E8A-727C4E53180F}.Debug|Any CPU.ActiveCfg = Debug|Any CPU
		{D583B4FD-65BE-482D-9E8A-727C4E53180F}.Debug|Any CPU.Build.0 = Debug|Any CPU
		{D583B4FD-65BE-482D-9E8A-727C4E53180F}.Release|Any CPU.ActiveCfg = Release|Any CPU
		{D583B4FD-65BE-482D-9E8A-727C4E53180F}.Release|Any CPU.Build.0 = Release|Any CPU
		{16419A77-2713-4BA8-81B0-81BF0F9E9CE0}.Debug|Any CPU.ActiveCfg = Debug|Any CPU
		{16419A77-2713-4BA8-81B0-81BF0F9E9CE0}.Debug|Any CPU.Build.0 = Debug|Any CPU
		{16419A77-2713-4BA8-81B0-81BF0F9E9CE0}.Release|Any CPU.ActiveCfg = Release|Any CPU
		{16419A77-2713-4BA8-81B0-81BF0F9E9CE0}.Release|Any CPU.Build.0 = Release|Any CPU
		{1D3D4109-876D-4BAA-A8BA-D0EB4191DB03}.Debug|Any CPU.ActiveCfg = Debug|Any CPU
		{1D3D4109-876D-4BAA-A8BA-D0EB4191DB03}.Debug|Any CPU.Build.0 = Debug|Any CPU
		{1D3D4109-876D-4BAA-A8BA-D0EB4191DB03}.Release|Any CPU.ActiveCfg = Release|Any CPU
		{1D3D4109-876D-4BAA-A8BA-D0EB4191DB03}.Release|Any CPU.Build.0 = Release|Any CPU
	EndGlobalSection
	GlobalSection(SolutionProperties) = preSolution
		HideSolutionNode = FALSE
	EndGlobalSection
	GlobalSection(NestedProjects) = preSolution
		{8F9165AB-7519-4B9E-8328-A02251A4A05C} = {D4F5652A-EBDC-469A-A626-0E13CD1A13A8}
		{6808B5E8-6DA6-4A51-8879-C371CECA1413} = {D4F5652A-EBDC-469A-A626-0E13CD1A13A8}
		{7629B037-8B17-42B3-9C07-B9B016E7DEA8} = {D4F5652A-EBDC-469A-A626-0E13CD1A13A8}
		{CCB63A8C-D262-418E-AC6D-F5AD69D76DF2} = {D4F5652A-EBDC-469A-A626-0E13CD1A13A8}
		{2836E2C8-8AF2-4D66-848B-63B7338E7822} = {D4F5652A-EBDC-469A-A626-0E13CD1A13A8}
		{BAF24926-CCA5-43A4-846D-94B0BFB0B50E} = {20C1BF35-FB9D-4E61-914E-A3E228175708}
		{D8189B05-8A16-404C-A6CF-318B9F117E82} = {20C1BF35-FB9D-4E61-914E-A3E228175708}
		{46FA33E7-BEC4-400D-AABF-2931C55F8002} = {EF87AE09-0BE5-4E2E-88CA-B3CE902A6C87}
		{C6E1EC81-BC7B-440F-96D1-2C7D8F4AE118} = {EF87AE09-0BE5-4E2E-88CA-B3CE902A6C87}
		{FBF84423-D07D-4646-9AAC-7DA3BB788936} = {EF87AE09-0BE5-4E2E-88CA-B3CE902A6C87}
		{A4D0DAEE-D9F0-4887-A471-E63B8579525A} = {1629B62E-95E6-429D-BCB4-0F37714F66F5}
		{AB8AF9A9-D5C5-4992-9856-5A558D7AD508} = {1629B62E-95E6-429D-BCB4-0F37714F66F5}
		{D583B4FD-65BE-482D-9E8A-727C4E53180F} = {1629B62E-95E6-429D-BCB4-0F37714F66F5}
	EndGlobalSection
	GlobalSection(ExtensibilityGlobals) = postSolution
		SolutionGuid = {C42E8E54-EE26-4D78-9D48-66521E6DF348}
	EndGlobalSection
EndGlobal
