
Microsoft Visual Studio Solution File, Format Version 12.00
# Visual Studio Version 17
VisualStudioVersion = 17.2.32516.85
MinimumVisualStudioVersion = 10.0.40219.1
Project("{9A19103F-16F7-4668-BE54-9A1E7A4F7556}") = "Delta", "Delta\Delta.csproj", "{75961956-C75B-4B2A-BD83-8A23D3FADD8A}"
EndProject
Project("{2150E333-8FDC-42A3-9474-1A3956D46DE8}") = "DomainLayer", "DomainLayer", "{D4F5652A-EBDC-469A-A626-0E13CD1A13A8}"
EndProject
Project("{2150E333-8FDC-42A3-9474-1A3956D46DE8}") = "InfrastructureLayer", "InfrastructureLayer", "{20C1BF35-FB9D-4E61-914E-A3E228175708}"
EndProject
Project("{2150E333-8FDC-42A3-9474-1A3956D46DE8}") = "ServiceLayer", "ServiceLayer", "{1629B62E-95E6-429D-BCB4-0F37714F66F5}"
EndProject
Project("{2150E333-8FDC-42A3-9474-1A3956D46DE8}") = "RepositoryLayer", "RepositoryLayer", "{EF87AE09-0BE5-4E2E-88CA-B3CE902A6C87}"
EndProject
Project("{9A19103F-16F7-4668-BE54-9A1E7A4F7556}") = "BaseRepositoryLib", "BaseRepositoryLib\BaseRepositoryLib.csproj", "{E2642427-AA18-42C7-AF6C-B4F0ABCCF50F}"
EndProject
Project("{9A19103F-16F7-4668-BE54-9A1E7A4F7556}") = "BaseEntityLib", "BaseEntityLib\BaseEntityLib.csproj", "{FB761CC8-AFCC-4977-AFC9-73C687D06D2C}"
EndProject
Project("{9A19103F-16F7-4668-BE54-9A1E7A4F7556}") = "BaseServiceLib", "BaseServiceLib\BaseServiceLib.csproj", "{BD38B8A5-2C2F-41D1-A6AE-37AC5D99B33C}"
EndProject
Project("{9A19103F-16F7-4668-BE54-9A1E7A4F7556}") = "UnitOfWorkLib", "UnitOfWork\UnitOfWorkLib.csproj", "{59136085-85F3-4D11-A397-144CAB8FD467}"
EndProject
Project("{9A19103F-16F7-4668-BE54-9A1E7A4F7556}") = "DbContextLib", "DbContextLib\DbContextLib.csproj", "{7941457A-8923-4920-8013-6634839C3FF0}"
EndProject
Project("{9A19103F-16F7-4668-BE54-9A1E7A4F7556}") = "UserDomain", "UserDomain\UserDomain.csproj", "{F1B4F45F-A5FD-41DB-8447-B42894D71B4C}"
EndProject
Project("{9A19103F-16F7-4668-BE54-9A1E7A4F7556}") = "NoteDomain", "NoteDomain\NoteDomain.csproj", "{34947B5A-53D9-49ED-B7A7-E7B10FC8247A}"
EndProject
Project("{9A19103F-16F7-4668-BE54-9A1E7A4F7556}") = "RepositoriesLib", "RepositoriesLib\RepositoriesLib.csproj", "{EE525C0D-F0A5-4E5B-91FA-610E8D51597A}"
EndProject
Project("{9A19103F-16F7-4668-BE54-9A1E7A4F7556}") = "ServicesLib", "ServicesLib\ServicesLib.csproj", "{0542146C-6365-4C3C-9300-A7999E68AA7B}"
EndProject
Project("{9A19103F-16F7-4668-BE54-9A1E7A4F7556}") = "NotesServiceLib", "NotesServiceLib\NotesServiceLib.csproj", "{59F68935-9276-48A0-9917-9B9ABF33C6BA}"
EndProject
Project("{9A19103F-16F7-4668-BE54-9A1E7A4F7556}") = "FactoryServiceLib", "FactoryServiceLib\FactoryServiceLib.csproj", "{6009A0A2-F89F-41C6-A0F1-FB2B5C41FFA0}"
EndProject
Project("{9A19103F-16F7-4668-BE54-9A1E7A4F7556}") = "EnumsLib", "EnumsLib\EnumsLib.csproj", "{FB4CB057-E3BA-4D31-B414-D86CB1B847F3}"
EndProject
Project("{9A19103F-16F7-4668-BE54-9A1E7A4F7556}") = "DirectoryDomain", "DirectoryDomain\DirectoryDomain.csproj", "{0934E984-ACEE-4F42-833D-8707B67BCE0C}"
EndProject
Global
	GlobalSection(SolutionConfigurationPlatforms) = preSolution
		Debug|Any CPU = Debug|Any CPU
		Release|Any CPU = Release|Any CPU
	EndGlobalSection
	GlobalSection(ProjectConfigurationPlatforms) = postSolution
		{75961956-C75B-4B2A-BD83-8A23D3FADD8A}.Debug|Any CPU.ActiveCfg = Debug|Any CPU
		{75961956-C75B-4B2A-BD83-8A23D3FADD8A}.Debug|Any CPU.Build.0 = Debug|Any CPU
		{75961956-C75B-4B2A-BD83-8A23D3FADD8A}.Release|Any CPU.ActiveCfg = Release|Any CPU
		{75961956-C75B-4B2A-BD83-8A23D3FADD8A}.Release|Any CPU.Build.0 = Release|Any CPU
		{E2642427-AA18-42C7-AF6C-B4F0ABCCF50F}.Debug|Any CPU.ActiveCfg = Debug|Any CPU
		{E2642427-AA18-42C7-AF6C-B4F0ABCCF50F}.Debug|Any CPU.Build.0 = Debug|Any CPU
		{E2642427-AA18-42C7-AF6C-B4F0ABCCF50F}.Release|Any CPU.ActiveCfg = Release|Any CPU
		{E2642427-AA18-42C7-AF6C-B4F0ABCCF50F}.Release|Any CPU.Build.0 = Release|Any CPU
		{FB761CC8-AFCC-4977-AFC9-73C687D06D2C}.Debug|Any CPU.ActiveCfg = Debug|Any CPU
		{FB761CC8-AFCC-4977-AFC9-73C687D06D2C}.Debug|Any CPU.Build.0 = Debug|Any CPU
		{FB761CC8-AFCC-4977-AFC9-73C687D06D2C}.Release|Any CPU.ActiveCfg = Release|Any CPU
		{FB761CC8-AFCC-4977-AFC9-73C687D06D2C}.Release|Any CPU.Build.0 = Release|Any CPU
		{BD38B8A5-2C2F-41D1-A6AE-37AC5D99B33C}.Debug|Any CPU.ActiveCfg = Debug|Any CPU
		{BD38B8A5-2C2F-41D1-A6AE-37AC5D99B33C}.Debug|Any CPU.Build.0 = Debug|Any CPU
		{BD38B8A5-2C2F-41D1-A6AE-37AC5D99B33C}.Release|Any CPU.ActiveCfg = Release|Any CPU
		{BD38B8A5-2C2F-41D1-A6AE-37AC5D99B33C}.Release|Any CPU.Build.0 = Release|Any CPU
		{59136085-85F3-4D11-A397-144CAB8FD467}.Debug|Any CPU.ActiveCfg = Debug|Any CPU
		{59136085-85F3-4D11-A397-144CAB8FD467}.Debug|Any CPU.Build.0 = Debug|Any CPU
		{59136085-85F3-4D11-A397-144CAB8FD467}.Release|Any CPU.ActiveCfg = Release|Any CPU
		{59136085-85F3-4D11-A397-144CAB8FD467}.Release|Any CPU.Build.0 = Release|Any CPU
		{7941457A-8923-4920-8013-6634839C3FF0}.Debug|Any CPU.ActiveCfg = Debug|Any CPU
		{7941457A-8923-4920-8013-6634839C3FF0}.Debug|Any CPU.Build.0 = Debug|Any CPU
		{7941457A-8923-4920-8013-6634839C3FF0}.Release|Any CPU.ActiveCfg = Release|Any CPU
		{7941457A-8923-4920-8013-6634839C3FF0}.Release|Any CPU.Build.0 = Release|Any CPU
		{F1B4F45F-A5FD-41DB-8447-B42894D71B4C}.Debug|Any CPU.ActiveCfg = Debug|Any CPU
		{F1B4F45F-A5FD-41DB-8447-B42894D71B4C}.Debug|Any CPU.Build.0 = Debug|Any CPU
		{F1B4F45F-A5FD-41DB-8447-B42894D71B4C}.Release|Any CPU.ActiveCfg = Release|Any CPU
		{F1B4F45F-A5FD-41DB-8447-B42894D71B4C}.Release|Any CPU.Build.0 = Release|Any CPU
		{34947B5A-53D9-49ED-B7A7-E7B10FC8247A}.Debug|Any CPU.ActiveCfg = Debug|Any CPU
		{34947B5A-53D9-49ED-B7A7-E7B10FC8247A}.Debug|Any CPU.Build.0 = Debug|Any CPU
		{34947B5A-53D9-49ED-B7A7-E7B10FC8247A}.Release|Any CPU.ActiveCfg = Release|Any CPU
		{34947B5A-53D9-49ED-B7A7-E7B10FC8247A}.Release|Any CPU.Build.0 = Release|Any CPU
		{EE525C0D-F0A5-4E5B-91FA-610E8D51597A}.Debug|Any CPU.ActiveCfg = Debug|Any CPU
		{EE525C0D-F0A5-4E5B-91FA-610E8D51597A}.Debug|Any CPU.Build.0 = Debug|Any CPU
		{EE525C0D-F0A5-4E5B-91FA-610E8D51597A}.Release|Any CPU.ActiveCfg = Release|Any CPU
		{EE525C0D-F0A5-4E5B-91FA-610E8D51597A}.Release|Any CPU.Build.0 = Release|Any CPU
		{0542146C-6365-4C3C-9300-A7999E68AA7B}.Debug|Any CPU.ActiveCfg = Debug|Any CPU
		{0542146C-6365-4C3C-9300-A7999E68AA7B}.Debug|Any CPU.Build.0 = Debug|Any CPU
		{0542146C-6365-4C3C-9300-A7999E68AA7B}.Release|Any CPU.ActiveCfg = Release|Any CPU
		{0542146C-6365-4C3C-9300-A7999E68AA7B}.Release|Any CPU.Build.0 = Release|Any CPU
		{59F68935-9276-48A0-9917-9B9ABF33C6BA}.Debug|Any CPU.ActiveCfg = Debug|Any CPU
		{59F68935-9276-48A0-9917-9B9ABF33C6BA}.Debug|Any CPU.Build.0 = Debug|Any CPU
		{59F68935-9276-48A0-9917-9B9ABF33C6BA}.Release|Any CPU.ActiveCfg = Release|Any CPU
		{59F68935-9276-48A0-9917-9B9ABF33C6BA}.Release|Any CPU.Build.0 = Release|Any CPU
		{6009A0A2-F89F-41C6-A0F1-FB2B5C41FFA0}.Debug|Any CPU.ActiveCfg = Debug|Any CPU
		{6009A0A2-F89F-41C6-A0F1-FB2B5C41FFA0}.Debug|Any CPU.Build.0 = Debug|Any CPU
		{6009A0A2-F89F-41C6-A0F1-FB2B5C41FFA0}.Release|Any CPU.ActiveCfg = Release|Any CPU
		{6009A0A2-F89F-41C6-A0F1-FB2B5C41FFA0}.Release|Any CPU.Build.0 = Release|Any CPU
		{FB4CB057-E3BA-4D31-B414-D86CB1B847F3}.Debug|Any CPU.ActiveCfg = Debug|Any CPU
		{FB4CB057-E3BA-4D31-B414-D86CB1B847F3}.Debug|Any CPU.Build.0 = Debug|Any CPU
		{FB4CB057-E3BA-4D31-B414-D86CB1B847F3}.Release|Any CPU.ActiveCfg = Release|Any CPU
		{FB4CB057-E3BA-4D31-B414-D86CB1B847F3}.Release|Any CPU.Build.0 = Release|Any CPU
		{0934E984-ACEE-4F42-833D-8707B67BCE0C}.Debug|Any CPU.ActiveCfg = Debug|Any CPU
		{0934E984-ACEE-4F42-833D-8707B67BCE0C}.Debug|Any CPU.Build.0 = Debug|Any CPU
		{0934E984-ACEE-4F42-833D-8707B67BCE0C}.Release|Any CPU.ActiveCfg = Release|Any CPU
		{0934E984-ACEE-4F42-833D-8707B67BCE0C}.Release|Any CPU.Build.0 = Release|Any CPU
	EndGlobalSection
	GlobalSection(SolutionProperties) = preSolution
		HideSolutionNode = FALSE
	EndGlobalSection
	GlobalSection(NestedProjects) = preSolution
		{E2642427-AA18-42C7-AF6C-B4F0ABCCF50F} = {EF87AE09-0BE5-4E2E-88CA-B3CE902A6C87}
		{FB761CC8-AFCC-4977-AFC9-73C687D06D2C} = {D4F5652A-EBDC-469A-A626-0E13CD1A13A8}
		{BD38B8A5-2C2F-41D1-A6AE-37AC5D99B33C} = {1629B62E-95E6-429D-BCB4-0F37714F66F5}
		{59136085-85F3-4D11-A397-144CAB8FD467} = {20C1BF35-FB9D-4E61-914E-A3E228175708}
		{7941457A-8923-4920-8013-6634839C3FF0} = {EF87AE09-0BE5-4E2E-88CA-B3CE902A6C87}
		{F1B4F45F-A5FD-41DB-8447-B42894D71B4C} = {D4F5652A-EBDC-469A-A626-0E13CD1A13A8}
		{34947B5A-53D9-49ED-B7A7-E7B10FC8247A} = {D4F5652A-EBDC-469A-A626-0E13CD1A13A8}
		{EE525C0D-F0A5-4E5B-91FA-610E8D51597A} = {EF87AE09-0BE5-4E2E-88CA-B3CE902A6C87}
		{0542146C-6365-4C3C-9300-A7999E68AA7B} = {1629B62E-95E6-429D-BCB4-0F37714F66F5}
		{59F68935-9276-48A0-9917-9B9ABF33C6BA} = {1629B62E-95E6-429D-BCB4-0F37714F66F5}
		{6009A0A2-F89F-41C6-A0F1-FB2B5C41FFA0} = {20C1BF35-FB9D-4E61-914E-A3E228175708}
		{FB4CB057-E3BA-4D31-B414-D86CB1B847F3} = {D4F5652A-EBDC-469A-A626-0E13CD1A13A8}
		{0934E984-ACEE-4F42-833D-8707B67BCE0C} = {D4F5652A-EBDC-469A-A626-0E13CD1A13A8}
	EndGlobalSection
	GlobalSection(ExtensibilityGlobals) = postSolution
		SolutionGuid = {C42E8E54-EE26-4D78-9D48-66521E6DF348}
	EndGlobalSection
EndGlobal
